
Microsoft Visual Studio Solution File, Format Version 12.00
# Visual Studio Version 17
VisualStudioVersion = 17.3.32819.101
MinimumVisualStudioVersion = 10.0.40219.1
Project("{FAE04EC0-301F-11D3-BF4B-00C04F79EFBC}") = "trains", "trains\trains.csproj", "{C78EB4AE-1E1A-422E-B8F5-1720A67F9D7C}"
EndProject
Global
	GlobalSection(SolutionConfigurationPlatforms) = preSolution
		Debug|Any CPU = Debug|Any CPU
		Release|Any CPU = Release|Any CPU
	EndGlobalSection
	GlobalSection(ProjectConfigurationPlatforms) = postSolution
		{C78EB4AE-1E1A-422E-B8F5-1720A67F9D7C}.Debug|Any CPU.ActiveCfg = Debug|Any CPU
		{C78EB4AE-1E1A-422E-B8F5-1720A67F9D7C}.Debug|Any CPU.Build.0 = Debug|Any CPU
		{C78EB4AE-1E1A-422E-B8F5-1720A67F9D7C}.Release|Any CPU.ActiveCfg = Release|Any CPU
		{C78EB4AE-1E1A-422E-B8F5-1720A67F9D7C}.Release|Any CPU.Build.0 = Release|Any CPU
	EndGlobalSection
	GlobalSection(SolutionProperties) = preSolution
		HideSolutionNode = FALSE
	EndGlobalSection
	GlobalSection(ExtensibilityGlobals) = postSolution
		SolutionGuid = {4641CFA0-A82F-454D-B59A-FAF69140A37A}
	EndGlobalSection
EndGlobal
